
Microsoft Visual Studio Solution File, Format Version 12.00
# Visual Studio 14
VisualStudioVersion = 14.0.25420.1
MinimumVisualStudioVersion = 10.0.40219.1
Project("{FAE04EC0-301F-11D3-BF4B-00C04F79EFBC}") = "CodeWarfares.Web", "CodeWarfares.Web\CodeWarfares.Web.csproj", "{0B9587D8-FD24-4B05-8728-C6915E38AFEA}"
EndProject
Project("{FAE04EC0-301F-11D3-BF4B-00C04F79EFBC}") = "CodeWarfares.Web.Tests", "CodeWarfares.Web.Tests\CodeWarfares.Web.Tests.csproj", "{18706483-8AD2-479F-A9D1-359C99FD2BB3}"
EndProject
Project("{FAE04EC0-301F-11D3-BF4B-00C04F79EFBC}") = "CodeWarfares.Data", "CodeWarfares.Data\CodeWarfares.Data.csproj", "{C3CA7AA6-BB80-41FE-9D81-294C332BFCB7}"
EndProject
Project("{FAE04EC0-301F-11D3-BF4B-00C04F79EFBC}") = "CodeWarfares.Data.Models", "CodeWarfares.Data.Models\CodeWarfares.Data.Models.csproj", "{71A135FD-AFE0-41C9-B48D-F01A544B2EEF}"
EndProject
Project("{FAE04EC0-301F-11D3-BF4B-00C04F79EFBC}") = "CodeWarfares.Web.Presenters", "CodeWarfares.Web.Presenters\CodeWarfares.Web.Presenters.csproj", "{64362298-E110-4FB2-9986-97CF030BE95C}"
EndProject
Project("{FAE04EC0-301F-11D3-BF4B-00C04F79EFBC}") = "CodeWarfares.Data.Services", "CodeWarfares.Data.Services\CodeWarfares.Data.Services.csproj", "{BD006D4C-D481-4B9B-A2A2-4505876CA0E3}"
EndProject
Global
	GlobalSection(SolutionConfigurationPlatforms) = preSolution
		Debug|Any CPU = Debug|Any CPU
		Release|Any CPU = Release|Any CPU
	EndGlobalSection
	GlobalSection(ProjectConfigurationPlatforms) = postSolution
		{0B9587D8-FD24-4B05-8728-C6915E38AFEA}.Debug|Any CPU.ActiveCfg = Debug|Any CPU
		{0B9587D8-FD24-4B05-8728-C6915E38AFEA}.Debug|Any CPU.Build.0 = Debug|Any CPU
		{0B9587D8-FD24-4B05-8728-C6915E38AFEA}.Release|Any CPU.ActiveCfg = Release|Any CPU
		{0B9587D8-FD24-4B05-8728-C6915E38AFEA}.Release|Any CPU.Build.0 = Release|Any CPU
		{18706483-8AD2-479F-A9D1-359C99FD2BB3}.Debug|Any CPU.ActiveCfg = Debug|Any CPU
		{18706483-8AD2-479F-A9D1-359C99FD2BB3}.Debug|Any CPU.Build.0 = Debug|Any CPU
		{18706483-8AD2-479F-A9D1-359C99FD2BB3}.Release|Any CPU.ActiveCfg = Release|Any CPU
		{18706483-8AD2-479F-A9D1-359C99FD2BB3}.Release|Any CPU.Build.0 = Release|Any CPU
		{C3CA7AA6-BB80-41FE-9D81-294C332BFCB7}.Debug|Any CPU.ActiveCfg = Debug|Any CPU
		{C3CA7AA6-BB80-41FE-9D81-294C332BFCB7}.Debug|Any CPU.Build.0 = Debug|Any CPU
		{C3CA7AA6-BB80-41FE-9D81-294C332BFCB7}.Release|Any CPU.ActiveCfg = Release|Any CPU
		{C3CA7AA6-BB80-41FE-9D81-294C332BFCB7}.Release|Any CPU.Build.0 = Release|Any CPU
		{71A135FD-AFE0-41C9-B48D-F01A544B2EEF}.Debug|Any CPU.ActiveCfg = Debug|Any CPU
		{71A135FD-AFE0-41C9-B48D-F01A544B2EEF}.Debug|Any CPU.Build.0 = Debug|Any CPU
		{71A135FD-AFE0-41C9-B48D-F01A544B2EEF}.Release|Any CPU.ActiveCfg = Release|Any CPU
		{71A135FD-AFE0-41C9-B48D-F01A544B2EEF}.Release|Any CPU.Build.0 = Release|Any CPU
		{64362298-E110-4FB2-9986-97CF030BE95C}.Debug|Any CPU.ActiveCfg = Debug|Any CPU
		{64362298-E110-4FB2-9986-97CF030BE95C}.Debug|Any CPU.Build.0 = Debug|Any CPU
		{64362298-E110-4FB2-9986-97CF030BE95C}.Release|Any CPU.ActiveCfg = Release|Any CPU
		{64362298-E110-4FB2-9986-97CF030BE95C}.Release|Any CPU.Build.0 = Release|Any CPU
		{BD006D4C-D481-4B9B-A2A2-4505876CA0E3}.Debug|Any CPU.ActiveCfg = Debug|Any CPU
		{BD006D4C-D481-4B9B-A2A2-4505876CA0E3}.Debug|Any CPU.Build.0 = Debug|Any CPU
		{BD006D4C-D481-4B9B-A2A2-4505876CA0E3}.Release|Any CPU.ActiveCfg = Release|Any CPU
		{BD006D4C-D481-4B9B-A2A2-4505876CA0E3}.Release|Any CPU.Build.0 = Release|Any CPU
	EndGlobalSection
	GlobalSection(SolutionProperties) = preSolution
		HideSolutionNode = FALSE
	EndGlobalSection
EndGlobal
